
Microsoft Visual Studio Solution File, Format Version 12.00
# Visual Studio 15
VisualStudioVersion = 15.0.28307.779
MinimumVisualStudioVersion = 10.0.40219.1
Project("{FAE04EC0-301F-11D3-BF4B-00C04F79EFBC}") = "ChatTCPServer", "ChatTCPServer\ChatTCPServer.csproj", "{4AEB6250-4915-45F4-95C3-697E7AC3C909}"
EndProject
Project("{FAE04EC0-301F-11D3-BF4B-00C04F79EFBC}") = "ChatTCPClient", "ChatTCPClient\ChatTCPClient.csproj", "{9AB8E3BE-DD8A-4244-B084-4EF6C7FF6513}"
EndProject
Global
	GlobalSection(SolutionConfigurationPlatforms) = preSolution
		Debug|Any CPU = Debug|Any CPU
		Release|Any CPU = Release|Any CPU
	EndGlobalSection
	GlobalSection(ProjectConfigurationPlatforms) = postSolution
		{4AEB6250-4915-45F4-95C3-697E7AC3C909}.Debug|Any CPU.ActiveCfg = Debug|Any CPU
		{4AEB6250-4915-45F4-95C3-697E7AC3C909}.Debug|Any CPU.Build.0 = Debug|Any CPU
		{4AEB6250-4915-45F4-95C3-697E7AC3C909}.Release|Any CPU.ActiveCfg = Release|Any CPU
		{4AEB6250-4915-45F4-95C3-697E7AC3C909}.Release|Any CPU.Build.0 = Release|Any CPU
		{9AB8E3BE-DD8A-4244-B084-4EF6C7FF6513}.Debug|Any CPU.ActiveCfg = Debug|Any CPU
		{9AB8E3BE-DD8A-4244-B084-4EF6C7FF6513}.Debug|Any CPU.Build.0 = Debug|Any CPU
		{9AB8E3BE-DD8A-4244-B084-4EF6C7FF6513}.Release|Any CPU.ActiveCfg = Release|Any CPU
		{9AB8E3BE-DD8A-4244-B084-4EF6C7FF6513}.Release|Any CPU.Build.0 = Release|Any CPU
	EndGlobalSection
	GlobalSection(SolutionProperties) = preSolution
		HideSolutionNode = FALSE
	EndGlobalSection
	GlobalSection(ExtensibilityGlobals) = postSolution
		SolutionGuid = {A92CC944-DE86-4167-9D36-B242B5508AE4}
	EndGlobalSection
EndGlobal
